github.com/alexedwards/flow v0.1.0 h1:2JY6lesAFIxB5uEcm4coM6FM8tLNGZovVXqRRTic8a4=
github.com/alexedwards/flow v0.1.0/go.mod h1:RtjEm3RTnsKqwE98bem/60/9cxEyZ0AQEz8GUZ0X+Ww=
github.com/lib/pq v1.10.9 h1:YXG7RB+JIjhP29X+OtkiDnYaXQwpS4JEWq7dtCCRUEw=
github.com/lib/pq v1.10.9/go.mod h1:AlVN5x4E4T544tWzH6hKfbfQvm3HdbOxrmggDNAPY9o=
